
Microsoft Visual Studio Solution File, Format Version 12.00
# Visual Studio Version 17
VisualStudioVersion = 17.0.31903.59
MinimumVisualStudioVersion = 10.0.40219.1
Project("{FAE04EC0-301F-11D3-BF4B-00C04F79EFBC}") = "Strava.Client", "Strava.Client\Strava.Client.csproj", "{53EDA82A-4C19-4278-BD32-4FDAB7631547}"
EndProject
Project("{FAE04EC0-301F-11D3-BF4B-00C04F79EFBC}") = "Strava.Client.Tests", "Strava.Client.Tests\Strava.Client.Tests.csproj", "{71F2A183-9F93-4F07-BD6A-93961E9850C0}"
EndProject
Global
	GlobalSection(SolutionConfigurationPlatforms) = preSolution
		Debug|Any CPU = Debug|Any CPU
		Release|Any CPU = Release|Any CPU
	EndGlobalSection
	GlobalSection(ProjectConfigurationPlatforms) = postSolution
		{53EDA82A-4C19-4278-BD32-4FDAB7631547}.Debug|Any CPU.ActiveCfg = Debug|Any CPU
		{53EDA82A-4C19-4278-BD32-4FDAB7631547}.Debug|Any CPU.Build.0 = Debug|Any CPU
		{53EDA82A-4C19-4278-BD32-4FDAB7631547}.Release|Any CPU.ActiveCfg = Release|Any CPU
		{53EDA82A-4C19-4278-BD32-4FDAB7631547}.Release|Any CPU.Build.0 = Release|Any CPU
		{71F2A183-9F93-4F07-BD6A-93961E9850C0}.Debug|Any CPU.ActiveCfg = Debug|Any CPU
		{71F2A183-9F93-4F07-BD6A-93961E9850C0}.Debug|Any CPU.Build.0 = Debug|Any CPU
		{71F2A183-9F93-4F07-BD6A-93961E9850C0}.Release|Any CPU.ActiveCfg = Release|Any CPU
		{71F2A183-9F93-4F07-BD6A-93961E9850C0}.Release|Any CPU.Build.0 = Release|Any CPU
	EndGlobalSection
	GlobalSection(SolutionProperties) = preSolution
		HideSolutionNode = FALSE
	EndGlobalSection
	GlobalSection(ExtensibilityGlobals) = postSolution
		SolutionGuid = {1678033F-C0E5-4B92-A566-13FAD27DD89A}
	EndGlobalSection
EndGlobal
